
Microsoft Visual Studio Solution File, Format Version 12.00
# Visual Studio Version 17
VisualStudioVersion = 17.3.32929.385
MinimumVisualStudioVersion = 10.0.40219.1
Project("{2150E333-8FDC-42A3-9474-1A3956D46DE8}") = "Tests", "Tests", "{E19AAB93-5445-4E7E-9A41-E4A3D553DE28}"
EndProject
Project("{FAE04EC0-301F-11D3-BF4B-00C04F79EFBC}") = "FileOrganizer.Data.Tests", "src\Tests\FileOrganizer.Data.Tests\FileOrganizer.Data.Tests.csproj", "{A3EE6D24-E62F-4BB7-80F4-D8B8266208D0}"
EndProject
Project("{FAE04EC0-301F-11D3-BF4B-00C04F79EFBC}") = "FileOrganizer.Models.Tests", "src\Tests\FileOrganizer.Models.Tests\FileOrganizer.Models.Tests.csproj", "{A80ABDF3-3771-4A4E-8382-4E5CBFB4A9CF}"
EndProject
Project("{FAE04EC0-301F-11D3-BF4B-00C04F79EFBC}") = "FileOrganizer.Services.Tests", "src\Tests\FileOrganizer.Services.Tests\FileOrganizer.Services.Tests.csproj", "{2FF73A28-1D7C-4C62-A477-50E8C5F27A3A}"
EndProject
Project("{FAE04EC0-301F-11D3-BF4B-00C04F79EFBC}") = "FileOrganizer.Utilities.Tests", "src\Tests\FileOrganizer.Utilities.Tests\FileOrganizer.Utilities.Tests.csproj", "{5E926F8A-9C93-4BD4-8379-E1B0710D9581}"
EndProject
Project("{FAE04EC0-301F-11D3-BF4B-00C04F79EFBC}") = "FileOrganizer.Data", "src\FileOrganizer.Data\FileOrganizer.Data.csproj", "{5E5ADE5C-B60B-416B-AF6D-32B1CE1D1435}"
EndProject
Project("{FAE04EC0-301F-11D3-BF4B-00C04F79EFBC}") = "FileOrganizer.Models", "src\FileOrganizer.Models\FileOrganizer.Models.csproj", "{BC452953-3313-483A-BA38-152987D0EF4B}"
EndProject
Project("{FAE04EC0-301F-11D3-BF4B-00C04F79EFBC}") = "FileOrganizer.Services", "src\FileOrganizer.Services\FileOrganizer.Services.csproj", "{AE68A1A3-5E39-49EC-9A68-B2B645B4202F}"
EndProject
Project("{FAE04EC0-301F-11D3-BF4B-00C04F79EFBC}") = "FileOrganizer.Utilities", "src\FileOrganizer.Utilities\FileOrganizer.Utilities.csproj", "{441B1D4E-7E5F-4E75-B917-88FD2B5E25D9}"
EndProject
Project("{FAE04EC0-301F-11D3-BF4B-00C04F79EFBC}") = "FileOrganizer.Core", "src\FileOrganizer.Core\FileOrganizer.Core.csproj", "{89474979-26BA-4AFB-B8C9-B79B94E31837}"
EndProject
Project("{FAE04EC0-301F-11D3-BF4B-00C04F79EFBC}") = "FileOrganizer.Core.Tests", "src\Tests\FileOrganizer.Core.Tests\FileOrganizer.Core.Tests.csproj", "{E92759AD-C998-4BA8-83CF-225010F82BD9}"
EndProject
Global
	GlobalSection(SolutionConfigurationPlatforms) = preSolution
		Debug|Any CPU = Debug|Any CPU
		Release|Any CPU = Release|Any CPU
	EndGlobalSection
	GlobalSection(ProjectConfigurationPlatforms) = postSolution
		{A3EE6D24-E62F-4BB7-80F4-D8B8266208D0}.Debug|Any CPU.ActiveCfg = Debug|Any CPU
		{A3EE6D24-E62F-4BB7-80F4-D8B8266208D0}.Debug|Any CPU.Build.0 = Debug|Any CPU
		{A3EE6D24-E62F-4BB7-80F4-D8B8266208D0}.Release|Any CPU.ActiveCfg = Release|Any CPU
		{A3EE6D24-E62F-4BB7-80F4-D8B8266208D0}.Release|Any CPU.Build.0 = Release|Any CPU
		{A80ABDF3-3771-4A4E-8382-4E5CBFB4A9CF}.Debug|Any CPU.ActiveCfg = Debug|Any CPU
		{A80ABDF3-3771-4A4E-8382-4E5CBFB4A9CF}.Debug|Any CPU.Build.0 = Debug|Any CPU
		{A80ABDF3-3771-4A4E-8382-4E5CBFB4A9CF}.Release|Any CPU.ActiveCfg = Release|Any CPU
		{A80ABDF3-3771-4A4E-8382-4E5CBFB4A9CF}.Release|Any CPU.Build.0 = Release|Any CPU
		{2FF73A28-1D7C-4C62-A477-50E8C5F27A3A}.Debug|Any CPU.ActiveCfg = Debug|Any CPU
		{2FF73A28-1D7C-4C62-A477-50E8C5F27A3A}.Debug|Any CPU.Build.0 = Debug|Any CPU
		{2FF73A28-1D7C-4C62-A477-50E8C5F27A3A}.Release|Any CPU.ActiveCfg = Release|Any CPU
		{2FF73A28-1D7C-4C62-A477-50E8C5F27A3A}.Release|Any CPU.Build.0 = Release|Any CPU
		{5E926F8A-9C93-4BD4-8379-E1B0710D9581}.Debug|Any CPU.ActiveCfg = Debug|Any CPU
		{5E926F8A-9C93-4BD4-8379-E1B0710D9581}.Debug|Any CPU.Build.0 = Debug|Any CPU
		{5E926F8A-9C93-4BD4-8379-E1B0710D9581}.Release|Any CPU.ActiveCfg = Release|Any CPU
		{5E926F8A-9C93-4BD4-8379-E1B0710D9581}.Release|Any CPU.Build.0 = Release|Any CPU
		{5E5ADE5C-B60B-416B-AF6D-32B1CE1D1435}.Debug|Any CPU.ActiveCfg = Debug|Any CPU
		{5E5ADE5C-B60B-416B-AF6D-32B1CE1D1435}.Debug|Any CPU.Build.0 = Debug|Any CPU
		{5E5ADE5C-B60B-416B-AF6D-32B1CE1D1435}.Release|Any CPU.ActiveCfg = Release|Any CPU
		{5E5ADE5C-B60B-416B-AF6D-32B1CE1D1435}.Release|Any CPU.Build.0 = Release|Any CPU
		{BC452953-3313-483A-BA38-152987D0EF4B}.Debug|Any CPU.ActiveCfg = Debug|Any CPU
		{BC452953-3313-483A-BA38-152987D0EF4B}.Debug|Any CPU.Build.0 = Debug|Any CPU
		{BC452953-3313-483A-BA38-152987D0EF4B}.Release|Any CPU.ActiveCfg = Release|Any CPU
		{BC452953-3313-483A-BA38-152987D0EF4B}.Release|Any CPU.Build.0 = Release|Any CPU
		{AE68A1A3-5E39-49EC-9A68-B2B645B4202F}.Debug|Any CPU.ActiveCfg = Debug|Any CPU
		{AE68A1A3-5E39-49EC-9A68-B2B645B4202F}.Debug|Any CPU.Build.0 = Debug|Any CPU
		{AE68A1A3-5E39-49EC-9A68-B2B645B4202F}.Release|Any CPU.ActiveCfg = Release|Any CPU
		{AE68A1A3-5E39-49EC-9A68-B2B645B4202F}.Release|Any CPU.Build.0 = Release|Any CPU
		{441B1D4E-7E5F-4E75-B917-88FD2B5E25D9}.Debug|Any CPU.ActiveCfg = Debug|Any CPU
		{441B1D4E-7E5F-4E75-B917-88FD2B5E25D9}.Debug|Any CPU.Build.0 = Debug|Any CPU
		{441B1D4E-7E5F-4E75-B917-88FD2B5E25D9}.Release|Any CPU.ActiveCfg = Release|Any CPU
		{441B1D4E-7E5F-4E75-B917-88FD2B5E25D9}.Release|Any CPU.Build.0 = Release|Any CPU
		{89474979-26BA-4AFB-B8C9-B79B94E31837}.Debug|Any CPU.ActiveCfg = Debug|Any CPU
		{89474979-26BA-4AFB-B8C9-B79B94E31837}.Debug|Any CPU.Build.0 = Debug|Any CPU
		{89474979-26BA-4AFB-B8C9-B79B94E31837}.Release|Any CPU.ActiveCfg = Release|Any CPU
		{89474979-26BA-4AFB-B8C9-B79B94E31837}.Release|Any CPU.Build.0 = Release|Any CPU
		{E92759AD-C998-4BA8-83CF-225010F82BD9}.Debug|Any CPU.ActiveCfg = Debug|Any CPU
		{E92759AD-C998-4BA8-83CF-225010F82BD9}.Debug|Any CPU.Build.0 = Debug|Any CPU
		{E92759AD-C998-4BA8-83CF-225010F82BD9}.Release|Any CPU.ActiveCfg = Release|Any CPU
		{E92759AD-C998-4BA8-83CF-225010F82BD9}.Release|Any CPU.Build.0 = Release|Any CPU
	EndGlobalSection
	GlobalSection(SolutionProperties) = preSolution
		HideSolutionNode = FALSE
	EndGlobalSection
	GlobalSection(ExtensibilityGlobals) = postSolution
		SolutionGuid = {C0F3F6F2-BC0F-442B-8A68-3B9CB84B8471}
	EndGlobalSection
	GlobalSection(NestedProjects) = preSolution
		{A3EE6D24-E62F-4BB7-80F4-D8B8266208D0} = {E19AAB93-5445-4E7E-9A41-E4A3D553DE28}
		{A80ABDF3-3771-4A4E-8382-4E5CBFB4A9CF} = {E19AAB93-5445-4E7E-9A41-E4A3D553DE28}
		{2FF73A28-1D7C-4C62-A477-50E8C5F27A3A} = {E19AAB93-5445-4E7E-9A41-E4A3D553DE28}
		{5E926F8A-9C93-4BD4-8379-E1B0710D9581} = {E19AAB93-5445-4E7E-9A41-E4A3D553DE28}
		{E92759AD-C998-4BA8-83CF-225010F82BD9} = {E19AAB93-5445-4E7E-9A41-E4A3D553DE28}
	EndGlobalSection
EndGlobal
